
Microsoft Visual Studio Solution File, Format Version 12.00
# Visual Studio Version 17
VisualStudioVersion = 17.0.31903.59
MinimumVisualStudioVersion = 10.0.40219.1
Project("{2150E333-8FDC-42A3-9474-1A3956D46DE8}") = "src", "src", "{5CA3C767-D4C9-43BE-93B9-6811559B6F3F}"
EndProject
Project("{FAE04EC0-301F-11D3-BF4B-00C04F79EFBC}") = "Pineapple.GrpcMock.Application", "src\Pineapple.GrpcMock.Application\Pineapple.GrpcMock.Application.csproj", "{D6476239-2377-444F-890E-C52AC1FD5111}"
EndProject
Project("{FAE04EC0-301F-11D3-BF4B-00C04F79EFBC}") = "Pineapple.GrpcMock.Contracts", "src\Pineapple.GrpcMock.Contracts\Pineapple.GrpcMock.Contracts.csproj", "{12ABA4A0-430D-446A-AE8D-ECD223BDD073}"
EndProject
Project("{FAE04EC0-301F-11D3-BF4B-00C04F79EFBC}") = "Pineapple.GrpcMock.Infrastructure", "src\Pineapple.GrpcMock.Infrastructure\Pineapple.GrpcMock.Infrastructure.csproj", "{22CC3217-C7CA-4780-9DB8-BA58AD4CB014}"
EndProject
Project("{FAE04EC0-301F-11D3-BF4B-00C04F79EFBC}") = "Pineapple.GrpcMock.Protos", "src\Pineapple.GrpcMock.Protos\Pineapple.GrpcMock.Protos.csproj", "{AFFEC6A0-22C7-4819-B316-A3B51B161CD4}"
EndProject
Project("{FAE04EC0-301F-11D3-BF4B-00C04F79EFBC}") = "Pineapple.GrpcMock.RpcHost", "src\Pineapple.GrpcMock.RpcHost\Pineapple.GrpcMock.RpcHost.csproj", "{23EF521A-B39F-421E-BEAB-E28D09645A74}"
EndProject
Project("{FAE04EC0-301F-11D3-BF4B-00C04F79EFBC}") = "Pineapple.GrpcMock.Shared", "src\Pineapple.GrpcMock.Shared\Pineapple.GrpcMock.Shared.csproj", "{9C05E4A4-0735-4228-B754-3258DC291458}"
EndProject
Global
	GlobalSection(SolutionProperties) = preSolution
		HideSolutionNode = FALSE
	EndGlobalSection
	GlobalSection(SolutionConfigurationPlatforms) = preSolution
		Debug|Any CPU = Debug|Any CPU
		Debug|x64 = Debug|x64
		Debug|x86 = Debug|x86
		Release|Any CPU = Release|Any CPU
		Release|x64 = Release|x64
		Release|x86 = Release|x86
	EndGlobalSection
	GlobalSection(ProjectConfigurationPlatforms) = postSolution
		{D6476239-2377-444F-890E-C52AC1FD5111}.Debug|Any CPU.ActiveCfg = Debug|Any CPU
		{D6476239-2377-444F-890E-C52AC1FD5111}.Debug|Any CPU.Build.0 = Debug|Any CPU
		{D6476239-2377-444F-890E-C52AC1FD5111}.Debug|x64.ActiveCfg = Debug|Any CPU
		{D6476239-2377-444F-890E-C52AC1FD5111}.Debug|x64.Build.0 = Debug|Any CPU
		{D6476239-2377-444F-890E-C52AC1FD5111}.Debug|x86.ActiveCfg = Debug|Any CPU
		{D6476239-2377-444F-890E-C52AC1FD5111}.Debug|x86.Build.0 = Debug|Any CPU
		{D6476239-2377-444F-890E-C52AC1FD5111}.Release|Any CPU.ActiveCfg = Release|Any CPU
		{D6476239-2377-444F-890E-C52AC1FD5111}.Release|Any CPU.Build.0 = Release|Any CPU
		{D6476239-2377-444F-890E-C52AC1FD5111}.Release|x64.ActiveCfg = Release|Any CPU
		{D6476239-2377-444F-890E-C52AC1FD5111}.Release|x64.Build.0 = Release|Any CPU
		{D6476239-2377-444F-890E-C52AC1FD5111}.Release|x86.ActiveCfg = Release|Any CPU
		{D6476239-2377-444F-890E-C52AC1FD5111}.Release|x86.Build.0 = Release|Any CPU
		{12ABA4A0-430D-446A-AE8D-ECD223BDD073}.Debug|Any CPU.ActiveCfg = Debug|Any CPU
		{12ABA4A0-430D-446A-AE8D-ECD223BDD073}.Debug|Any CPU.Build.0 = Debug|Any CPU
		{12ABA4A0-430D-446A-AE8D-ECD223BDD073}.Debug|x64.ActiveCfg = Debug|Any CPU
		{12ABA4A0-430D-446A-AE8D-ECD223BDD073}.Debug|x64.Build.0 = Debug|Any CPU
		{12ABA4A0-430D-446A-AE8D-ECD223BDD073}.Debug|x86.ActiveCfg = Debug|Any CPU
		{12ABA4A0-430D-446A-AE8D-ECD223BDD073}.Debug|x86.Build.0 = Debug|Any CPU
		{12ABA4A0-430D-446A-AE8D-ECD223BDD073}.Release|Any CPU.ActiveCfg = Release|Any CPU
		{12ABA4A0-430D-446A-AE8D-ECD223BDD073}.Release|Any CPU.Build.0 = Release|Any CPU
		{12ABA4A0-430D-446A-AE8D-ECD223BDD073}.Release|x64.ActiveCfg = Release|Any CPU
		{12ABA4A0-430D-446A-AE8D-ECD223BDD073}.Release|x64.Build.0 = Release|Any CPU
		{12ABA4A0-430D-446A-AE8D-ECD223BDD073}.Release|x86.ActiveCfg = Release|Any CPU
		{12ABA4A0-430D-446A-AE8D-ECD223BDD073}.Release|x86.Build.0 = Release|Any CPU
		{22CC3217-C7CA-4780-9DB8-BA58AD4CB014}.Debug|Any CPU.ActiveCfg = Debug|Any CPU
		{22CC3217-C7CA-4780-9DB8-BA58AD4CB014}.Debug|Any CPU.Build.0 = Debug|Any CPU
		{22CC3217-C7CA-4780-9DB8-BA58AD4CB014}.Debug|x64.ActiveCfg = Debug|Any CPU
		{22CC3217-C7CA-4780-9DB8-BA58AD4CB014}.Debug|x64.Build.0 = Debug|Any CPU
		{22CC3217-C7CA-4780-9DB8-BA58AD4CB014}.Debug|x86.ActiveCfg = Debug|Any CPU
		{22CC3217-C7CA-4780-9DB8-BA58AD4CB014}.Debug|x86.Build.0 = Debug|Any CPU
		{22CC3217-C7CA-4780-9DB8-BA58AD4CB014}.Release|Any CPU.ActiveCfg = Release|Any CPU
		{22CC3217-C7CA-4780-9DB8-BA58AD4CB014}.Release|Any CPU.Build.0 = Release|Any CPU
		{22CC3217-C7CA-4780-9DB8-BA58AD4CB014}.Release|x64.ActiveCfg = Release|Any CPU
		{22CC3217-C7CA-4780-9DB8-BA58AD4CB014}.Release|x64.Build.0 = Release|Any CPU
		{22CC3217-C7CA-4780-9DB8-BA58AD4CB014}.Release|x86.ActiveCfg = Release|Any CPU
		{22CC3217-C7CA-4780-9DB8-BA58AD4CB014}.Release|x86.Build.0 = Release|Any CPU
		{AFFEC6A0-22C7-4819-B316-A3B51B161CD4}.Debug|Any CPU.ActiveCfg = Debug|Any CPU
		{AFFEC6A0-22C7-4819-B316-A3B51B161CD4}.Debug|Any CPU.Build.0 = Debug|Any CPU
		{AFFEC6A0-22C7-4819-B316-A3B51B161CD4}.Debug|x64.ActiveCfg = Debug|Any CPU
		{AFFEC6A0-22C7-4819-B316-A3B51B161CD4}.Debug|x64.Build.0 = Debug|Any CPU
		{AFFEC6A0-22C7-4819-B316-A3B51B161CD4}.Debug|x86.ActiveCfg = Debug|Any CPU
		{AFFEC6A0-22C7-4819-B316-A3B51B161CD4}.Debug|x86.Build.0 = Debug|Any CPU
		{AFFEC6A0-22C7-4819-B316-A3B51B161CD4}.Release|Any CPU.ActiveCfg = Release|Any CPU
		{AFFEC6A0-22C7-4819-B316-A3B51B161CD4}.Release|Any CPU.Build.0 = Release|Any CPU
		{AFFEC6A0-22C7-4819-B316-A3B51B161CD4}.Release|x64.ActiveCfg = Release|Any CPU
		{AFFEC6A0-22C7-4819-B316-A3B51B161CD4}.Release|x64.Build.0 = Release|Any CPU
		{AFFEC6A0-22C7-4819-B316-A3B51B161CD4}.Release|x86.ActiveCfg = Release|Any CPU
		{AFFEC6A0-22C7-4819-B316-A3B51B161CD4}.Release|x86.Build.0 = Release|Any CPU
		{23EF521A-B39F-421E-BEAB-E28D09645A74}.Debug|Any CPU.ActiveCfg = Debug|Any CPU
		{23EF521A-B39F-421E-BEAB-E28D09645A74}.Debug|Any CPU.Build.0 = Debug|Any CPU
		{23EF521A-B39F-421E-BEAB-E28D09645A74}.Debug|x64.ActiveCfg = Debug|Any CPU
		{23EF521A-B39F-421E-BEAB-E28D09645A74}.Debug|x64.Build.0 = Debug|Any CPU
		{23EF521A-B39F-421E-BEAB-E28D09645A74}.Debug|x86.ActiveCfg = Debug|Any CPU
		{23EF521A-B39F-421E-BEAB-E28D09645A74}.Debug|x86.Build.0 = Debug|Any CPU
		{23EF521A-B39F-421E-BEAB-E28D09645A74}.Release|Any CPU.ActiveCfg = Release|Any CPU
		{23EF521A-B39F-421E-BEAB-E28D09645A74}.Release|Any CPU.Build.0 = Release|Any CPU
		{23EF521A-B39F-421E-BEAB-E28D09645A74}.Release|x64.ActiveCfg = Release|Any CPU
		{23EF521A-B39F-421E-BEAB-E28D09645A74}.Release|x64.Build.0 = Release|Any CPU
		{23EF521A-B39F-421E-BEAB-E28D09645A74}.Release|x86.ActiveCfg = Release|Any CPU
		{23EF521A-B39F-421E-BEAB-E28D09645A74}.Release|x86.Build.0 = Release|Any CPU
		{9C05E4A4-0735-4228-B754-3258DC291458}.Debug|Any CPU.ActiveCfg = Debug|Any CPU
		{9C05E4A4-0735-4228-B754-3258DC291458}.Debug|Any CPU.Build.0 = Debug|Any CPU
		{9C05E4A4-0735-4228-B754-3258DC291458}.Debug|x64.ActiveCfg = Debug|Any CPU
		{9C05E4A4-0735-4228-B754-3258DC291458}.Debug|x64.Build.0 = Debug|Any CPU
		{9C05E4A4-0735-4228-B754-3258DC291458}.Debug|x86.ActiveCfg = Debug|Any CPU
		{9C05E4A4-0735-4228-B754-3258DC291458}.Debug|x86.Build.0 = Debug|Any CPU
		{9C05E4A4-0735-4228-B754-3258DC291458}.Release|Any CPU.ActiveCfg = Release|Any CPU
		{9C05E4A4-0735-4228-B754-3258DC291458}.Release|Any CPU.Build.0 = Release|Any CPU
		{9C05E4A4-0735-4228-B754-3258DC291458}.Release|x64.ActiveCfg = Release|Any CPU
		{9C05E4A4-0735-4228-B754-3258DC291458}.Release|x64.Build.0 = Release|Any CPU
		{9C05E4A4-0735-4228-B754-3258DC291458}.Release|x86.ActiveCfg = Release|Any CPU
		{9C05E4A4-0735-4228-B754-3258DC291458}.Release|x86.Build.0 = Release|Any CPU
	EndGlobalSection
	GlobalSection(NestedProjects) = preSolution
		{D6476239-2377-444F-890E-C52AC1FD5111} = {5CA3C767-D4C9-43BE-93B9-6811559B6F3F}
		{12ABA4A0-430D-446A-AE8D-ECD223BDD073} = {5CA3C767-D4C9-43BE-93B9-6811559B6F3F}
		{22CC3217-C7CA-4780-9DB8-BA58AD4CB014} = {5CA3C767-D4C9-43BE-93B9-6811559B6F3F}
		{AFFEC6A0-22C7-4819-B316-A3B51B161CD4} = {5CA3C767-D4C9-43BE-93B9-6811559B6F3F}
		{23EF521A-B39F-421E-BEAB-E28D09645A74} = {5CA3C767-D4C9-43BE-93B9-6811559B6F3F}
		{9C05E4A4-0735-4228-B754-3258DC291458} = {5CA3C767-D4C9-43BE-93B9-6811559B6F3F}
	EndGlobalSection
EndGlobal
